// !$*UTF8*$!
{
	archiveVersion = 1;
	classes = {
	};
	objectVersion = 73;
	objects = {

/* Begin PBXBuildFile section */
		965FEAE79C4978DC87D1FBB2 /* Pods_shafinMultitool.framework in Frameworks */ = {isa = PBXBuildFile; fileRef = 7733CA8491FCF9159884C4C0 /* Pods_shafinMultitool.framework */; };
		CF10E5F029F8236100D3E39A /* ARKit.framework in Frameworks */ = {isa = PBXBuildFile; fileRef = CF10E5EF29F8236100D3E39A /* ARKit.framework */; };
		CF10E5F229F8238100D3E39A /* RealityKit.framework in Frameworks */ = {isa = PBXBuildFile; fileRef = CF10E5F129F8238100D3E39A /* RealityKit.framework */; };
		CF5C60412B84C0E100218148 /* shafinMultitoolTests.swift in Sources */ = {isa = PBXBuildFile; fileRef = CF5C60402B84C0E100218148 /* shafinMultitoolTests.swift */; };
/* End PBXBuildFile section */

/* Begin PBXContainerItemProxy section */
		CF5C60422B84C0E100218148 /* PBXContainerItemProxy */ = {
			isa = PBXContainerItemProxy;
			containerPortal = CFF7B1FC29CC876400C3B73E /* Project object */;
			proxyType = 1;
			remoteGlobalIDString = CFF7B20329CC876400C3B73E;
			remoteInfo = shafinMultitool;
		};
/* End PBXContainerItemProxy section */

/* Begin PBXFileReference section */
		08C5AE5ADFDF9B02E49CF3EE /* Pods-shafinMultitool.release.xcconfig */ = {isa = PBXFileReference; includeInIndex = 1; lastKnownFileType = text.xcconfig; name = "Pods-shafinMultitool.release.xcconfig"; path = "Target Support Files/Pods-shafinMultitool/Pods-shafinMultitool.release.xcconfig"; sourceTree = "<group>"; };
		7733CA8491FCF9159884C4C0 /* Pods_shafinMultitool.framework */ = {isa = PBXFileReference; explicitFileType = wrapper.framework; includeInIndex = 0; path = Pods_shafinMultitool.framework; sourceTree = BUILT_PRODUCTS_DIR; };
		CF10E5EF29F8236100D3E39A /* ARKit.framework */ = {isa = PBXFileReference; lastKnownFileType = wrapper.framework; name = ARKit.framework; path = System/Library/Frameworks/ARKit.framework; sourceTree = SDKROOT; };
		CF10E5F129F8238100D3E39A /* RealityKit.framework */ = {isa = PBXFileReference; lastKnownFileType = wrapper.framework; name = RealityKit.framework; path = System/Library/Frameworks/RealityKit.framework; sourceTree = SDKROOT; };
		CF5C603E2B84C0E100218148 /* shafinMultitoolTests.xctest */ = {isa = PBXFileReference; explicitFileType = wrapper.cfbundle; includeInIndex = 0; path = shafinMultitoolTests.xctest; sourceTree = BUILT_PRODUCTS_DIR; };
		CF5C60402B84C0E100218148 /* shafinMultitoolTests.swift */ = {isa = PBXFileReference; lastKnownFileType = sourcecode.swift; path = shafinMultitoolTests.swift; sourceTree = "<group>"; };
		CFF7B20429CC876400C3B73E /* shafinMultitool.app */ = {isa = PBXFileReference; explicitFileType = wrapper.application; includeInIndex = 0; path = shafinMultitool.app; sourceTree = BUILT_PRODUCTS_DIR; };
		DC0EF1BD3939CF7AE32E11A0 /* Pods-shafinMultitool.debug.xcconfig */ = {isa = PBXFileReference; includeInIndex = 1; lastKnownFileType = text.xcconfig; name = "Pods-shafinMultitool.debug.xcconfig"; path = "Target Support Files/Pods-shafinMultitool/Pods-shafinMultitool.debug.xcconfig"; sourceTree = "<group>"; };
/* End PBXFileReference section */

/* Begin PBXFileSystemSynchronizedBuildFileExceptionSet section */
		CF3740C22EC890C80005765D /* PBXFileSystemSynchronizedBuildFileExceptionSet */ = {
			isa = PBXFileSystemSynchronizedBuildFileExceptionSet;
			membershipExceptions = (
				Info.plist,
				Resources/Circle.rcproject,
			);
			target = CFF7B20329CC876400C3B73E /* shafinMultitool */;
		};
/* End PBXFileSystemSynchronizedBuildFileExceptionSet section */

/* Begin PBXFileSystemSynchronizedGroupBuildPhaseMembershipExceptionSet section */
		CF3740C32EC890C80005765D /* PBXFileSystemSynchronizedGroupBuildPhaseMembershipExceptionSet */ = {
			isa = PBXFileSystemSynchronizedGroupBuildPhaseMembershipExceptionSet;
			buildPhase = CFF7B20029CC876400C3B73E /* Sources */;
			membershipExceptions = (
				Resources/Circle.rcproject,
			);
		};
/* End PBXFileSystemSynchronizedGroupBuildPhaseMembershipExceptionSet section */

/* Begin PBXFileSystemSynchronizedRootGroup section */
		CF37407A2EC890C80005765D /* shafinMultitool */ = {isa = PBXFileSystemSynchronizedRootGroup; exceptions = (CF3740C22EC890C80005765D /* PBXFileSystemSynchronizedBuildFileExceptionSet */, CF3740C32EC890C80005765D /* PBXFileSystemSynchronizedGroupBuildPhaseMembershipExceptionSet */, ); explicitFileTypes = {}; explicitFolders = (Resources/Circle.rcproject, ); path = shafinMultitool; sourceTree = "<group>"; };
/* End PBXFileSystemSynchronizedRootGroup section */

/* Begin PBXFrameworksBuildPhase section */
		CF5C603B2B84C0E100218148 /* Frameworks */ = {
			isa = PBXFrameworksBuildPhase;
			buildActionMask = 2147483647;
			files = (
			);
			runOnlyForDeploymentPostprocessing = 0;
		};
		CFF7B20129CC876400C3B73E /* Frameworks */ = {
			isa = PBXFrameworksBuildPhase;
			buildActionMask = 2147483647;
			files = (
				CF10E5F229F8238100D3E39A /* RealityKit.framework in Frameworks */,
				CF10E5F029F8236100D3E39A /* ARKit.framework in Frameworks */,
				965FEAE79C4978DC87D1FBB2 /* Pods_shafinMultitool.framework in Frameworks */,
			);
			runOnlyForDeploymentPostprocessing = 0;
		};
/* End PBXFrameworksBuildPhase section */

/* Begin PBXGroup section */
		457F7D83A82BD1A3BB0F89BB /* Pods */ = {
			isa = PBXGroup;
			children = (
				DC0EF1BD3939CF7AE32E11A0 /* Pods-shafinMultitool.debug.xcconfig */,
				08C5AE5ADFDF9B02E49CF3EE /* Pods-shafinMultitool.release.xcconfig */,
			);
			path = Pods;
			sourceTree = "<group>";
		};
		CF10E5EE29F8236100D3E39A /* Frameworks */ = {
			isa = PBXGroup;
			children = (
				CF10E5F129F8238100D3E39A /* RealityKit.framework */,
				CF10E5EF29F8236100D3E39A /* ARKit.framework */,
				7733CA8491FCF9159884C4C0 /* Pods_shafinMultitool.framework */,
			);
			name = Frameworks;
			sourceTree = "<group>";
		};
		CF5C603F2B84C0E100218148 /* shafinMultitoolTests */ = {
			isa = PBXGroup;
			children = (
				CF5C60402B84C0E100218148 /* shafinMultitoolTests.swift */,
			);
			path = shafinMultitoolTests;
			sourceTree = "<group>";
		};
		CFF7B1FB29CC876400C3B73E = {
			isa = PBXGroup;
			children = (
				CF37407A2EC890C80005765D /* shafinMultitool */,
				CF5C603F2B84C0E100218148 /* shafinMultitoolTests */,
				CFF7B20529CC876400C3B73E /* Products */,
				CF10E5EE29F8236100D3E39A /* Frameworks */,
				457F7D83A82BD1A3BB0F89BB /* Pods */,
			);
			sourceTree = "<group>";
		};
		CFF7B20529CC876400C3B73E /* Products */ = {
			isa = PBXGroup;
			children = (
				CFF7B20429CC876400C3B73E /* shafinMultitool.app */,
				CF5C603E2B84C0E100218148 /* shafinMultitoolTests.xctest */,
			);
			name = Products;
			sourceTree = "<group>";
		};
/* End PBXGroup section */

/* Begin PBXNativeTarget section */
		CF5C603D2B84C0E100218148 /* shafinMultitoolTests */ = {
			isa = PBXNativeTarget;
			buildConfigurationList = CF5C60442B84C0E100218148 /* Build configuration list for PBXNativeTarget "shafinMultitoolTests" */;
			buildPhases = (
				CF5C603A2B84C0E100218148 /* Sources */,
				CF5C603B2B84C0E100218148 /* Frameworks */,
				CF5C603C2B84C0E100218148 /* Resources */,
			);
			buildRules = (
			);
			dependencies = (
				CF5C60432B84C0E100218148 /* PBXTargetDependency */,
			);
			name = shafinMultitoolTests;
			productName = shafinMultitoolTests;
			productReference = CF5C603E2B84C0E100218148 /* shafinMultitoolTests.xctest */;
			productType = "com.apple.product-type.bundle.unit-test";
		};
		CFF7B20329CC876400C3B73E /* shafinMultitool */ = {
			isa = PBXNativeTarget;
			buildConfigurationList = CFF7B21729CC876500C3B73E /* Build configuration list for PBXNativeTarget "shafinMultitool" */;
			buildPhases = (
				5458564239F347497FD524BF /* [CP] Check Pods Manifest.lock */,
				CFF7B20029CC876400C3B73E /* Sources */,
				CFF7B20129CC876400C3B73E /* Frameworks */,
				CFF7B20229CC876400C3B73E /* Resources */,
				430CDBAEF84F01F44B60348F /* [CP] Embed Pods Frameworks */,
			);
			buildRules = (
			);
			dependencies = (
			);
			fileSystemSynchronizedGroups = (
				CF37407A2EC890C80005765D /* shafinMultitool */,
			);
			name = shafinMultitool;
			productName = shafinMultitool;
			productReference = CFF7B20429CC876400C3B73E /* shafinMultitool.app */;
			productType = "com.apple.product-type.application";
		};
/* End PBXNativeTarget section */

/* Begin PBXProject section */
		CFF7B1FC29CC876400C3B73E /* Project object */ = {
			isa = PBXProject;
			attributes = {
				BuildIndependentTargetsInParallel = 1;
				LastSwiftUpdateCheck = 1520;
				LastUpgradeCheck = 1420;
				TargetAttributes = {
					CF5C603D2B84C0E100218148 = {
						CreatedOnToolsVersion = 15.2;
						TestTargetID = CFF7B20329CC876400C3B73E;
					};
					CFF7B20329CC876400C3B73E = {
						CreatedOnToolsVersion = 14.2;
					};
				};
			};
			buildConfigurationList = CFF7B1FF29CC876400C3B73E /* Build configuration list for PBXProject "shafinMultitool" */;
			developmentRegion = en;
			hasScannedForEncodings = 0;
			knownRegions = (
				en,
				Base,
			);
			mainGroup = CFF7B1FB29CC876400C3B73E;
			packageReferences = (
			);
			preferredProjectObjectVersion = 55;
			productRefGroup = CFF7B20529CC876400C3B73E /* Products */;
			projectDirPath = "";
			projectRoot = "";
			targets = (
				CFF7B20329CC876400C3B73E /* shafinMultitool */,
				CF5C603D2B84C0E100218148 /* shafinMultitoolTests */,
			);
		};
/* End PBXProject section */

/* Begin PBXResourcesBuildPhase section */
		CF5C603C2B84C0E100218148 /* Resources */ = {
			isa = PBXResourcesBuildPhase;
			buildActionMask = 2147483647;
			files = (
			);
			runOnlyForDeploymentPostprocessing = 0;
		};
		CFF7B20229CC876400C3B73E /* Resources */ = {
			isa = PBXResourcesBuildPhase;
			buildActionMask = 2147483647;
			files = (
			);
			runOnlyForDeploymentPostprocessing = 0;
		};
/* End PBXResourcesBuildPhase section */

/* Begin PBXShellScriptBuildPhase section */
		430CDBAEF84F01F44B60348F /* [CP] Embed Pods Frameworks */ = {
			isa = PBXShellScriptBuildPhase;
			buildActionMask = 2147483647;
			files = (
			);
			inputFileListPaths = (
				"${PODS_ROOT}/Target Support Files/Pods-shafinMultitool/Pods-shafinMultitool-frameworks-${CONFIGURATION}-input-files.xcfilelist",
			);
			inputPaths = (
			);
			name = "[CP] Embed Pods Frameworks";
			outputFileListPaths = (
				"${PODS_ROOT}/Target Support Files/Pods-shafinMultitool/Pods-shafinMultitool-frameworks-${CONFIGURATION}-output-files.xcfilelist",
			);
			outputPaths = (
			);
			runOnlyForDeploymentPostprocessing = 0;
			shellPath = /bin/sh;
			shellScript = "\"${PODS_ROOT}/Target Support Files/Pods-shafinMultitool/Pods-shafinMultitool-frameworks.sh\"\n";
			showEnvVarsInLog = 0;
		};
		5458564239F347497FD524BF /* [CP] Check Pods Manifest.lock */ = {
			isa = PBXShellScriptBuildPhase;
			buildActionMask = 2147483647;
			files = (
			);
			inputFileListPaths = (
			);
			inputPaths = (
				"${PODS_PODFILE_DIR_PATH}/Podfile.lock",
				"${PODS_ROOT}/Manifest.lock",
			);
			name = "[CP] Check Pods Manifest.lock";
			outputFileListPaths = (
			);
			outputPaths = (
				"$(DERIVED_FILE_DIR)/Pods-shafinMultitool-checkManifestLockResult.txt",
			);
			runOnlyForDeploymentPostprocessing = 0;
			shellPath = /bin/sh;
			shellScript = "diff \"${PODS_PODFILE_DIR_PATH}/Podfile.lock\" \"${PODS_ROOT}/Manifest.lock\" > /dev/null\nif [ $? != 0 ] ; then\n    # print error to STDERR\n    echo \"error: The sandbox is not in sync with the Podfile.lock. Run 'pod install' or update your CocoaPods installation.\" >&2\n    exit 1\nfi\n# This output is used by Xcode 'outputs' to avoid re-running this script phase.\necho \"SUCCESS\" > \"${SCRIPT_OUTPUT_FILE_0}\"\n";
			showEnvVarsInLog = 0;
		};
/* End PBXShellScriptBuildPhase section */

/* Begin PBXSourcesBuildPhase section */
		CF5C603A2B84C0E100218148 /* Sources */ = {
			isa = PBXSourcesBuildPhase;
			buildActionMask = 2147483647;
			files = (
				CF5C60412B84C0E100218148 /* shafinMultitoolTests.swift in Sources */,
			);
			runOnlyForDeploymentPostprocessing = 0;
		};
		CFF7B20029CC876400C3B73E /* Sources */ = {
			isa = PBXSourcesBuildPhase;
			buildActionMask = 2147483647;
			files = (
			);
			runOnlyForDeploymentPostprocessing = 0;
		};
/* End PBXSourcesBuildPhase section */

/* Begin PBXTargetDependency section */
		CF5C60432B84C0E100218148 /* PBXTargetDependency */ = {
			isa = PBXTargetDependency;
			target = CFF7B20329CC876400C3B73E /* shafinMultitool */;
			targetProxy = CF5C60422B84C0E100218148 /* PBXContainerItemProxy */;
		};
/* End PBXTargetDependency section */

/* Begin XCBuildConfiguration section */
		CF5C60452B84C0E100218148 /* Debug */ = {
			isa = XCBuildConfiguration;
			buildSettings = {
				ASSETCATALOG_COMPILER_GENERATE_SWIFT_ASSET_SYMBOL_EXTENSIONS = YES;
				BUNDLE_LOADER = "$(TEST_HOST)";
				CODE_SIGN_STYLE = Automatic;
				CURRENT_PROJECT_VERSION = 1;
				DEVELOPMENT_TEAM = 5NAKQ28539;
				ENABLE_USER_SCRIPT_SANDBOXING = YES;
				GCC_C_LANGUAGE_STANDARD = gnu17;
				GENERATE_INFOPLIST_FILE = YES;
				IPHONEOS_DEPLOYMENT_TARGET = 17.2;
				LOCALIZATION_PREFERS_STRING_CATALOGS = YES;
				MARKETING_VERSION = 1.0;
				PRODUCT_BUNDLE_IDENTIFIER = "com.vigvamcev-media.shafinMultitoolTests";
				PRODUCT_NAME = "$(TARGET_NAME)";
				SWIFT_ACTIVE_COMPILATION_CONDITIONS = "DEBUG $(inherited)";
				SWIFT_EMIT_LOC_STRINGS = NO;
				SWIFT_VERSION = 5.0;
				TARGETED_DEVICE_FAMILY = "1,2";
				TEST_HOST = "$(BUILT_PRODUCTS_DIR)/shafinMultitool.app/$(BUNDLE_EXECUTABLE_FOLDER_PATH)/shafinMultitool";
			};
			name = Debug;
		};
		CF5C60462B84C0E100218148 /* Release */ = {
			isa = XCBuildConfiguration;
			buildSettings = {
				ASSETCATALOG_COMPILER_GENERATE_SWIFT_ASSET_SYMBOL_EXTENSIONS = YES;
				BUNDLE_LOADER = "$(TEST_HOST)";
				CODE_SIGN_STYLE = Automatic;
				CURRENT_PROJECT_VERSION = 1;
				DEVELOPMENT_TEAM = 5NAKQ28539;
				ENABLE_USER_SCRIPT_SANDBOXING = YES;
				GCC_C_LANGUAGE_STANDARD = gnu17;
				GENERATE_INFOPLIST_FILE = YES;
				IPHONEOS_DEPLOYMENT_TARGET = 17.2;
				LOCALIZATION_PREFERS_STRING_CATALOGS = YES;
				MARKETING_VERSION = 1.0;
				PRODUCT_BUNDLE_IDENTIFIER = "com.vigvamcev-media.shafinMultitoolTests";
				PRODUCT_NAME = "$(TARGET_NAME)";
				SWIFT_EMIT_LOC_STRINGS = NO;
				SWIFT_VERSION = 5.0;
				TARGETED_DEVICE_FAMILY = "1,2";
				TEST_HOST = "$(BUILT_PRODUCTS_DIR)/shafinMultitool.app/$(BUNDLE_EXECUTABLE_FOLDER_PATH)/shafinMultitool";
			};
			name = Release;
		};
		CFF7B21529CC876500C3B73E /* Debug */ = {
			isa = XCBuildConfiguration;
			buildSettings = {
				ALWAYS_SEARCH_USER_PATHS = NO;
				CLANG_ANALYZER_NONNULL = YES;
				CLANG_ANALYZER_NUMBER_OBJECT_CONVERSION = YES_AGGRESSIVE;
				CLANG_CXX_LANGUAGE_STANDARD = "gnu++20";
				CLANG_ENABLE_MODULES = YES;
				CLANG_ENABLE_OBJC_ARC = YES;
				CLANG_ENABLE_OBJC_WEAK = YES;
				CLANG_WARN_BLOCK_CAPTURE_AUTORELEASING = YES;
				CLANG_WARN_BOOL_CONVERSION = YES;
				CLANG_WARN_COMMA = YES;
				CLANG_WARN_CONSTANT_CONVERSION = YES;
				CLANG_WARN_DEPRECATED_OBJC_IMPLEMENTATIONS = YES;
				CLANG_WARN_DIRECT_OBJC_ISA_USAGE = YES_ERROR;
				CLANG_WARN_DOCUMENTATION_COMMENTS = YES;
				CLANG_WARN_EMPTY_BODY = YES;
				CLANG_WARN_ENUM_CONVERSION = YES;
				CLANG_WARN_INFINITE_RECURSION = YES;
				CLANG_WARN_INT_CONVERSION = YES;
				CLANG_WARN_NON_LITERAL_NULL_CONVERSION = YES;
				CLANG_WARN_OBJC_IMPLICIT_RETAIN_SELF = YES;
				CLANG_WARN_OBJC_LITERAL_CONVERSION = YES;
				CLANG_WARN_OBJC_ROOT_CLASS = YES_ERROR;
				CLANG_WARN_QUOTED_INCLUDE_IN_FRAMEWORK_HEADER = YES;
				CLANG_WARN_RANGE_LOOP_ANALYSIS = YES;
				CLANG_WARN_STRICT_PROTOTYPES = YES;
				CLANG_WARN_SUSPICIOUS_MOVE = YES;
				CLANG_WARN_UNGUARDED_AVAILABILITY = YES_AGGRESSIVE;
				CLANG_WARN_UNREACHABLE_CODE = YES;
				CLANG_WARN__DUPLICATE_METHOD_MATCH = YES;
				COPY_PHASE_STRIP = NO;
				DEBUG_INFORMATION_FORMAT = dwarf;
				ENABLE_STRICT_OBJC_MSGSEND = YES;
				ENABLE_TESTABILITY = YES;
				GCC_C_LANGUAGE_STANDARD = gnu11;
				GCC_DYNAMIC_NO_PIC = NO;
				GCC_NO_COMMON_BLOCKS = YES;
				GCC_OPTIMIZATION_LEVEL = 0;
				GCC_PREPROCESSOR_DEFINITIONS = (
					"DEBUG=1",
					"$(inherited)",
				);
				GCC_WARN_64_TO_32_BIT_CONVERSION = YES;
				GCC_WARN_ABOUT_RETURN_TYPE = YES_ERROR;
				GCC_WARN_UNDECLARED_SELECTOR = YES;
				GCC_WARN_UNINITIALIZED_AUTOS = YES_AGGRESSIVE;
				GCC_WARN_UNUSED_FUNCTION = YES;
				GCC_WARN_UNUSED_VARIABLE = YES;
				INFOPLIST_KEY_UILaunchStoryboardName = LaunchScreen;
				INFOPLIST_KEY_UIRequiresFullScreen = YES;
				IPHONEOS_DEPLOYMENT_TARGET = 16.2;
				MTL_ENABLE_DEBUG_INFO = INCLUDE_SOURCE;
				MTL_FAST_MATH = YES;
				ONLY_ACTIVE_ARCH = YES;
				SDKROOT = iphoneos;
				SWIFT_ACTIVE_COMPILATION_CONDITIONS = DEBUG;
				SWIFT_OPTIMIZATION_LEVEL = "-Onone";
			};
			name = Debug;
		};
		CFF7B21629CC876500C3B73E /* Release */ = {
			isa = XCBuildConfiguration;
			buildSettings = {
				ALWAYS_SEARCH_USER_PATHS = NO;
				CLANG_ANALYZER_NONNULL = YES;
				CLANG_ANALYZER_NUMBER_OBJECT_CONVERSION = YES_AGGRESSIVE;
				CLANG_CXX_LANGUAGE_STANDARD = "gnu++20";
				CLANG_ENABLE_MODULES = YES;
				CLANG_ENABLE_OBJC_ARC = YES;
				CLANG_ENABLE_OBJC_WEAK = YES;
				CLANG_WARN_BLOCK_CAPTURE_AUTORELEASING = YES;
				CLANG_WARN_BOOL_CONVERSION = YES;
				CLANG_WARN_COMMA = YES;
				CLANG_WARN_CONSTANT_CONVERSION = YES;
				CLANG_WARN_DEPRECATED_OBJC_IMPLEMENTATIONS = YES;
				CLANG_WARN_DIRECT_OBJC_ISA_USAGE = YES_ERROR;
				CLANG_WARN_DOCUMENTATION_COMMENTS = YES;
				CLANG_WARN_EMPTY_BODY = YES;
				CLANG_WARN_ENUM_CONVERSION = YES;
				CLANG_WARN_INFINITE_RECURSION = YES;
				CLANG_WARN_INT_CONVERSION = YES;
				CLANG_WARN_NON_LITERAL_NULL_CONVERSION = YES;
				CLANG_WARN_OBJC_IMPLICIT_RETAIN_SELF = YES;
				CLANG_WARN_OBJC_LITERAL_CONVERSION = YES;
				CLANG_WARN_OBJC_ROOT_CLASS = YES_ERROR;
				CLANG_WARN_QUOTED_INCLUDE_IN_FRAMEWORK_HEADER = YES;
				CLANG_WARN_RANGE_LOOP_ANALYSIS = YES;
				CLANG_WARN_STRICT_PROTOTYPES = YES;
				CLANG_WARN_SUSPICIOUS_MOVE = YES;
				CLANG_WARN_UNGUARDED_AVAILABILITY = YES_AGGRESSIVE;
				CLANG_WARN_UNREACHABLE_CODE = YES;
				CLANG_WARN__DUPLICATE_METHOD_MATCH = YES;
				COPY_PHASE_STRIP = NO;
				DEBUG_INFORMATION_FORMAT = "dwarf-with-dsym";
				ENABLE_NS_ASSERTIONS = NO;
				ENABLE_STRICT_OBJC_MSGSEND = YES;
				GCC_C_LANGUAGE_STANDARD = gnu11;
				GCC_NO_COMMON_BLOCKS = YES;
				GCC_WARN_64_TO_32_BIT_CONVERSION = YES;
				GCC_WARN_ABOUT_RETURN_TYPE = YES_ERROR;
				GCC_WARN_UNDECLARED_SELECTOR = YES;
				GCC_WARN_UNINITIALIZED_AUTOS = YES_AGGRESSIVE;
				GCC_WARN_UNUSED_FUNCTION = YES;
				GCC_WARN_UNUSED_VARIABLE = YES;
				INFOPLIST_KEY_UILaunchStoryboardName = LaunchScreen;
				INFOPLIST_KEY_UIRequiresFullScreen = YES;
				IPHONEOS_DEPLOYMENT_TARGET = 16.2;
				MTL_ENABLE_DEBUG_INFO = NO;
				MTL_FAST_MATH = YES;
				SDKROOT = iphoneos;
				SWIFT_COMPILATION_MODE = wholemodule;
				SWIFT_OPTIMIZATION_LEVEL = "-O";
				VALIDATE_PRODUCT = YES;
			};
			name = Release;
		};
		CFF7B21829CC876500C3B73E /* Debug */ = {
			isa = XCBuildConfiguration;
			baseConfigurationReference = DC0EF1BD3939CF7AE32E11A0 /* Pods-shafinMultitool.debug.xcconfig */;
			buildSettings = {
				ASSETCATALOG_COMPILER_APPICON_NAME = AppIcon;
				ASSETCATALOG_COMPILER_GLOBAL_ACCENT_COLOR_NAME = AccentColor;
				CODE_SIGN_STYLE = Automatic;
				CURRENT_PROJECT_VERSION = 1;
				DEVELOPMENT_TEAM = 5NAKQ28539;
				GENERATE_INFOPLIST_FILE = YES;
				INFOPLIST_FILE = shafinMultitool/Info.plist;
				INFOPLIST_KEY_NSCameraUsageDescription = "Для съёмки видео \"Шафин Мульитул\" необходимы права на использование камеры";
				INFOPLIST_KEY_NSMicrophoneUsageDescription = "Для съёмки видео \"Шафин Мульитул\" необходимы права на запись звука с микрофона";
				INFOPLIST_KEY_NSPhotoLibraryAddUsageDescription = "Для съёмки видео \"Шафин Мульитул\" необходимы права на сохранение файлов в галерею";
				INFOPLIST_KEY_NSSpeechRecognitionUsageDescription = "Для распознавания речи сценария \"Шафин Мультитул\" необходимы права на отправку звука на сервера Apple";
				INFOPLIST_KEY_UIApplicationSupportsIndirectInputEvents = YES;
				INFOPLIST_KEY_UIRequiredDeviceCapabilities = arkit;
				INFOPLIST_KEY_UIRequiresFullScreen = YES;
				INFOPLIST_KEY_UIStatusBarHidden = YES;
				INFOPLIST_KEY_UISupportedInterfaceOrientations = "UIInterfaceOrientationLandscapeLeft UIInterfaceOrientationLandscapeRight";
				IPHONEOS_DEPLOYMENT_TARGET = 17.0;
				LD_RUNPATH_SEARCH_PATHS = (
					"$(inherited)",
					"@executable_path/Frameworks",
				);
				MARKETING_VERSION = 1.0;
				PRODUCT_BUNDLE_IDENTIFIER = "com.vigvamcev-media.shafinMultitool";
				PRODUCT_NAME = "$(TARGET_NAME)";
				SWIFT_EMIT_LOC_STRINGS = YES;
				SWIFT_VERSION = 5.0;
				TARGETED_DEVICE_FAMILY = "1,2";
			};
			name = Debug;
		};
		CFF7B21929CC876500C3B73E /* Release */ = {
			isa = XCBuildConfiguration;
			baseConfigurationReference = 08C5AE5ADFDF9B02E49CF3EE /* Pods-shafinMultitool.release.xcconfig */;
			buildSettings = {
				ASSETCATALOG_COMPILER_APPICON_NAME = AppIcon;
				ASSETCATALOG_COMPILER_GLOBAL_ACCENT_COLOR_NAME = AccentColor;
				CODE_SIGN_STYLE = Automatic;
				CURRENT_PROJECT_VERSION = 1;
				DEVELOPMENT_TEAM = 5NAKQ28539;
				GENERATE_INFOPLIST_FILE = YES;
				INFOPLIST_FILE = shafinMultitool/Info.plist;
				INFOPLIST_KEY_NSCameraUsageDescription = "Для съёмки видео \"Шафин Мульитул\" необходимы права на использование камеры";
				INFOPLIST_KEY_NSMicrophoneUsageDescription = "Для съёмки видео \"Шафин Мульитул\" необходимы права на запись звука с микрофона";
				INFOPLIST_KEY_NSPhotoLibraryAddUsageDescription = "Для съёмки видео \"Шафин Мульитул\" необходимы права на сохранение файлов в галерею";
				INFOPLIST_KEY_NSSpeechRecognitionUsageDescription = "Для распознавания речи сценария \"Шафин Мультитул\" необходимы права на отправку звука на сервера Apple";
				INFOPLIST_KEY_UIApplicationSupportsIndirectInputEvents = YES;
				INFOPLIST_KEY_UIRequiredDeviceCapabilities = arkit;
				INFOPLIST_KEY_UIRequiresFullScreen = YES;
				INFOPLIST_KEY_UIStatusBarHidden = YES;
				INFOPLIST_KEY_UISupportedInterfaceOrientations = "UIInterfaceOrientationLandscapeLeft UIInterfaceOrientationLandscapeRight";
				IPHONEOS_DEPLOYMENT_TARGET = 17.0;
				LD_RUNPATH_SEARCH_PATHS = (
					"$(inherited)",
					"@executable_path/Frameworks",
				);
				MARKETING_VERSION = 1.0;
				PRODUCT_BUNDLE_IDENTIFIER = "com.vigvamcev-media.shafinMultitool";
				PRODUCT_NAME = "$(TARGET_NAME)";
				SWIFT_EMIT_LOC_STRINGS = YES;
				SWIFT_VERSION = 5.0;
				TARGETED_DEVICE_FAMILY = "1,2";
			};
			name = Release;
		};
/* End XCBuildConfiguration section */

/* Begin XCConfigurationList section */
		CF5C60442B84C0E100218148 /* Build configuration list for PBXNativeTarget "shafinMultitoolTests" */ = {
			isa = XCConfigurationList;
			buildConfigurations = (
				CF5C60452B84C0E100218148 /* Debug */,
				CF5C60462B84C0E100218148 /* Release */,
			);
			defaultConfigurationIsVisible = 0;
			defaultConfigurationName = Release;
		};
		CFF7B1FF29CC876400C3B73E /* Build configuration list for PBXProject "shafinMultitool" */ = {
			isa = XCConfigurationList;
			buildConfigurations = (
				CFF7B21529CC876500C3B73E /* Debug */,
				CFF7B21629CC876500C3B73E /* Release */,
			);
			defaultConfigurationIsVisible = 0;
			defaultConfigurationName = Release;
		};
		CFF7B21729CC876500C3B73E /* Build configuration list for PBXNativeTarget "shafinMultitool" */ = {
			isa = XCConfigurationList;
			buildConfigurations = (
				CFF7B21829CC876500C3B73E /* Debug */,
				CFF7B21929CC876500C3B73E /* Release */,
			);
			defaultConfigurationIsVisible = 0;
			defaultConfigurationName = Release;
		};
/* End XCConfigurationList section */
	};
	rootObject = CFF7B1FC29CC876400C3B73E /* Project object */;
}
