// !$*UTF8*$!
{
	archiveVersion = 1;
	classes = {
	};
	objectVersion = 55;
	objects = {

/* Begin PBXBuildFile section */
		965FEAE79C4978DC87D1FBB2 /* Pods_shafinMultitool.framework in Frameworks */ = {isa = PBXBuildFile; fileRef = 7733CA8491FCF9159884C4C0 /* Pods_shafinMultitool.framework */; };
		CF10E5ED29F8211600D3E39A /* SceneDelegate.swift in Sources */ = {isa = PBXBuildFile; fileRef = CF10E5EC29F8211600D3E39A /* SceneDelegate.swift */; };
		CF10E5F029F8236100D3E39A /* ARKit.framework in Frameworks */ = {isa = PBXBuildFile; fileRef = CF10E5EF29F8236100D3E39A /* ARKit.framework */; };
		CF10E5F229F8238100D3E39A /* RealityKit.framework in Frameworks */ = {isa = PBXBuildFile; fileRef = CF10E5F129F8238100D3E39A /* RealityKit.framework */; };
		CF506F802A010F29005E959C /* Circle.rcproject in Sources */ = {isa = PBXBuildFile; fileRef = CF506F7F2A010F29005E959C /* Circle.rcproject */; };
		CF506F822A011445005E959C /* Person.usdz in Resources */ = {isa = PBXBuildFile; fileRef = CF506F812A011445005E959C /* Person.usdz */; };
		CF506F882A03F8B3005E959C /* CameraService.swift in Sources */ = {isa = PBXBuildFile; fileRef = CF506F872A03F8B3005E959C /* CameraService.swift */; };
		CF8AD3752A12A9B20004B378 /* Circle.usdz in Resources */ = {isa = PBXBuildFile; fileRef = CF8AD3742A12A9B20004B378 /* Circle.usdz */; };
		CFF027952A0AA6710042951B /* ActorEntity.swift in Sources */ = {isa = PBXBuildFile; fileRef = CFF027942A0AA6710042951B /* ActorEntity.swift */; };
		CFF7B20829CC876400C3B73E /* AppDelegate.swift in Sources */ = {isa = PBXBuildFile; fileRef = CFF7B20729CC876400C3B73E /* AppDelegate.swift */; };
		CFF7B21129CC876500C3B73E /* Assets.xcassets in Resources */ = {isa = PBXBuildFile; fileRef = CFF7B21029CC876500C3B73E /* Assets.xcassets */; };
		CFF7B22129CC87C200C3B73E /* CameraScreenViewController.swift in Sources */ = {isa = PBXBuildFile; fileRef = CFF7B22029CC87C200C3B73E /* CameraScreenViewController.swift */; };
		CFF7B22329CC8C6000C3B73E /* CameraScreenPresenter.swift in Sources */ = {isa = PBXBuildFile; fileRef = CFF7B22229CC8C6000C3B73E /* CameraScreenPresenter.swift */; };
		CFF7B22529CC8C7200C3B73E /* CameraScreenInteractor.swift in Sources */ = {isa = PBXBuildFile; fileRef = CFF7B22429CC8C7200C3B73E /* CameraScreenInteractor.swift */; };
		CFF7B22729CC8C7B00C3B73E /* CameraScreenRouter.swift in Sources */ = {isa = PBXBuildFile; fileRef = CFF7B22629CC8C7B00C3B73E /* CameraScreenRouter.swift */; };
		CFF7B22929CC8CA400C3B73E /* CameraScreenBuilder.swift in Sources */ = {isa = PBXBuildFile; fileRef = CFF7B22829CC8CA400C3B73E /* CameraScreenBuilder.swift */; };
/* End PBXBuildFile section */

/* Begin PBXFileReference section */
		08C5AE5ADFDF9B02E49CF3EE /* Pods-shafinMultitool.release.xcconfig */ = {isa = PBXFileReference; includeInIndex = 1; lastKnownFileType = text.xcconfig; name = "Pods-shafinMultitool.release.xcconfig"; path = "Target Support Files/Pods-shafinMultitool/Pods-shafinMultitool.release.xcconfig"; sourceTree = "<group>"; };
		7733CA8491FCF9159884C4C0 /* Pods_shafinMultitool.framework */ = {isa = PBXFileReference; explicitFileType = wrapper.framework; includeInIndex = 0; path = Pods_shafinMultitool.framework; sourceTree = BUILT_PRODUCTS_DIR; };
		CF10E5EC29F8211600D3E39A /* SceneDelegate.swift */ = {isa = PBXFileReference; lastKnownFileType = sourcecode.swift; path = SceneDelegate.swift; sourceTree = "<group>"; };
		CF10E5EF29F8236100D3E39A /* ARKit.framework */ = {isa = PBXFileReference; lastKnownFileType = wrapper.framework; name = ARKit.framework; path = System/Library/Frameworks/ARKit.framework; sourceTree = SDKROOT; };
		CF10E5F129F8238100D3E39A /* RealityKit.framework */ = {isa = PBXFileReference; lastKnownFileType = wrapper.framework; name = RealityKit.framework; path = System/Library/Frameworks/RealityKit.framework; sourceTree = SDKROOT; };
		CF10E5F329F8266600D3E39A /* Info.plist */ = {isa = PBXFileReference; lastKnownFileType = text.plist; path = Info.plist; sourceTree = "<group>"; };
		CF506F7F2A010F29005E959C /* Circle.rcproject */ = {isa = PBXFileReference; lastKnownFileType = file.rcproject; path = Circle.rcproject; sourceTree = "<group>"; };
		CF506F812A011445005E959C /* Person.usdz */ = {isa = PBXFileReference; lastKnownFileType = file.usdz; path = Person.usdz; sourceTree = "<group>"; };
		CF506F872A03F8B3005E959C /* CameraService.swift */ = {isa = PBXFileReference; lastKnownFileType = sourcecode.swift; name = CameraService.swift; path = /Users/unterlantas/Documents/XCode/shafinMultitool/shafinMultitool/CameraScreenModule/CameraService.swift; sourceTree = "<absolute>"; };
		CF8AD3742A12A9B20004B378 /* Circle.usdz */ = {isa = PBXFileReference; lastKnownFileType = file.usdz; path = Circle.usdz; sourceTree = "<group>"; };
		CFF027942A0AA6710042951B /* ActorEntity.swift */ = {isa = PBXFileReference; lastKnownFileType = sourcecode.swift; path = ActorEntity.swift; sourceTree = "<group>"; };
		CFF7B20429CC876400C3B73E /* shafinMultitool.app */ = {isa = PBXFileReference; explicitFileType = wrapper.application; includeInIndex = 0; path = shafinMultitool.app; sourceTree = BUILT_PRODUCTS_DIR; };
		CFF7B20729CC876400C3B73E /* AppDelegate.swift */ = {isa = PBXFileReference; lastKnownFileType = sourcecode.swift; path = AppDelegate.swift; sourceTree = "<group>"; };
		CFF7B21029CC876500C3B73E /* Assets.xcassets */ = {isa = PBXFileReference; lastKnownFileType = folder.assetcatalog; path = Assets.xcassets; sourceTree = "<group>"; };
		CFF7B22029CC87C200C3B73E /* CameraScreenViewController.swift */ = {isa = PBXFileReference; lastKnownFileType = sourcecode.swift; path = CameraScreenViewController.swift; sourceTree = "<group>"; };
		CFF7B22229CC8C6000C3B73E /* CameraScreenPresenter.swift */ = {isa = PBXFileReference; lastKnownFileType = sourcecode.swift; path = CameraScreenPresenter.swift; sourceTree = "<group>"; };
		CFF7B22429CC8C7200C3B73E /* CameraScreenInteractor.swift */ = {isa = PBXFileReference; lastKnownFileType = sourcecode.swift; path = CameraScreenInteractor.swift; sourceTree = "<group>"; };
		CFF7B22629CC8C7B00C3B73E /* CameraScreenRouter.swift */ = {isa = PBXFileReference; lastKnownFileType = sourcecode.swift; path = CameraScreenRouter.swift; sourceTree = "<group>"; };
		CFF7B22829CC8CA400C3B73E /* CameraScreenBuilder.swift */ = {isa = PBXFileReference; lastKnownFileType = sourcecode.swift; path = CameraScreenBuilder.swift; sourceTree = "<group>"; };
		DC0EF1BD3939CF7AE32E11A0 /* Pods-shafinMultitool.debug.xcconfig */ = {isa = PBXFileReference; includeInIndex = 1; lastKnownFileType = text.xcconfig; name = "Pods-shafinMultitool.debug.xcconfig"; path = "Target Support Files/Pods-shafinMultitool/Pods-shafinMultitool.debug.xcconfig"; sourceTree = "<group>"; };
/* End PBXFileReference section */

/* Begin PBXFrameworksBuildPhase section */
		CFF7B20129CC876400C3B73E /* Frameworks */ = {
			isa = PBXFrameworksBuildPhase;
			buildActionMask = 2147483647;
			files = (
				CF10E5F229F8238100D3E39A /* RealityKit.framework in Frameworks */,
				CF10E5F029F8236100D3E39A /* ARKit.framework in Frameworks */,
				965FEAE79C4978DC87D1FBB2 /* Pods_shafinMultitool.framework in Frameworks */,
			);
			runOnlyForDeploymentPostprocessing = 0;
		};
/* End PBXFrameworksBuildPhase section */

/* Begin PBXGroup section */
		457F7D83A82BD1A3BB0F89BB /* Pods */ = {
			isa = PBXGroup;
			children = (
				DC0EF1BD3939CF7AE32E11A0 /* Pods-shafinMultitool.debug.xcconfig */,
				08C5AE5ADFDF9B02E49CF3EE /* Pods-shafinMultitool.release.xcconfig */,
			);
			path = Pods;
			sourceTree = "<group>";
		};
		CF10E5D529F412C900D3E39A /* SettingsModule */ = {
			isa = PBXGroup;
			children = (
			);
			path = SettingsModule;
			sourceTree = "<group>";
		};
		CF10E5EE29F8236100D3E39A /* Frameworks */ = {
			isa = PBXGroup;
			children = (
				CF10E5F129F8238100D3E39A /* RealityKit.framework */,
				CF10E5EF29F8236100D3E39A /* ARKit.framework */,
				7733CA8491FCF9159884C4C0 /* Pods_shafinMultitool.framework */,
			);
			name = Frameworks;
			sourceTree = "<group>";
		};
		CF506F832A01252F005E959C /* Entity */ = {
			isa = PBXGroup;
			children = (
				CFF027942A0AA6710042951B /* ActorEntity.swift */,
			);
			path = Entity;
			sourceTree = "<group>";
		};
		CF8AD36E2A0D63180004B378 /* Services */ = {
			isa = PBXGroup;
			children = (
				CF506F872A03F8B3005E959C /* CameraService.swift */,
			);
			path = Services;
			sourceTree = "<group>";
		};
		CF8AD36F2A0D63230004B378 /* Resources */ = {
			isa = PBXGroup;
			children = (
				CFF7B21029CC876500C3B73E /* Assets.xcassets */,
				CFF7B20729CC876400C3B73E /* AppDelegate.swift */,
				CF10E5EC29F8211600D3E39A /* SceneDelegate.swift */,
				CF506F812A011445005E959C /* Person.usdz */,
				CF8AD3742A12A9B20004B378 /* Circle.usdz */,
				CF506F7F2A010F29005E959C /* Circle.rcproject */,
			);
			path = Resources;
			sourceTree = "<group>";
		};
		CFF7B1FB29CC876400C3B73E = {
			isa = PBXGroup;
			children = (
				CFF7B20629CC876400C3B73E /* shafinMultitool */,
				CFF7B20529CC876400C3B73E /* Products */,
				CF10E5EE29F8236100D3E39A /* Frameworks */,
				457F7D83A82BD1A3BB0F89BB /* Pods */,
			);
			sourceTree = "<group>";
		};
		CFF7B20529CC876400C3B73E /* Products */ = {
			isa = PBXGroup;
			children = (
				CFF7B20429CC876400C3B73E /* shafinMultitool.app */,
			);
			name = Products;
			sourceTree = "<group>";
		};
		CFF7B20629CC876400C3B73E /* shafinMultitool */ = {
			isa = PBXGroup;
			children = (
				CF8AD36F2A0D63230004B378 /* Resources */,
				CF8AD36E2A0D63180004B378 /* Services */,
				CF506F832A01252F005E959C /* Entity */,
				CF10E5F329F8266600D3E39A /* Info.plist */,
				CF10E5D529F412C900D3E39A /* SettingsModule */,
				CFF7B21A29CC878000C3B73E /* CameraScreenModule */,
			);
			path = shafinMultitool;
			sourceTree = "<group>";
		};
		CFF7B21A29CC878000C3B73E /* CameraScreenModule */ = {
			isa = PBXGroup;
			children = (
				CFF7B21F29CC87AE00C3B73E /* Router */,
				CFF7B21D29CC879E00C3B73E /* Presenter */,
				CFF7B21C29CC879400C3B73E /* View */,
				CFF7B21B29CC878F00C3B73E /* Interactor */,
				CFF7B22829CC8CA400C3B73E /* CameraScreenBuilder.swift */,
			);
			path = CameraScreenModule;
			sourceTree = "<group>";
		};
		CFF7B21B29CC878F00C3B73E /* Interactor */ = {
			isa = PBXGroup;
			children = (
				CFF7B22429CC8C7200C3B73E /* CameraScreenInteractor.swift */,
			);
			path = Interactor;
			sourceTree = "<group>";
		};
		CFF7B21C29CC879400C3B73E /* View */ = {
			isa = PBXGroup;
			children = (
				CFF7B22029CC87C200C3B73E /* CameraScreenViewController.swift */,
			);
			path = View;
			sourceTree = "<group>";
		};
		CFF7B21D29CC879E00C3B73E /* Presenter */ = {
			isa = PBXGroup;
			children = (
				CFF7B22229CC8C6000C3B73E /* CameraScreenPresenter.swift */,
			);
			path = Presenter;
			sourceTree = "<group>";
		};
		CFF7B21F29CC87AE00C3B73E /* Router */ = {
			isa = PBXGroup;
			children = (
				CFF7B22629CC8C7B00C3B73E /* CameraScreenRouter.swift */,
			);
			path = Router;
			sourceTree = "<group>";
		};
/* End PBXGroup section */

/* Begin PBXNativeTarget section */
		CFF7B20329CC876400C3B73E /* shafinMultitool */ = {
			isa = PBXNativeTarget;
			buildConfigurationList = CFF7B21729CC876500C3B73E /* Build configuration list for PBXNativeTarget "shafinMultitool" */;
			buildPhases = (
				5458564239F347497FD524BF /* [CP] Check Pods Manifest.lock */,
				CFF7B20029CC876400C3B73E /* Sources */,
				CFF7B20129CC876400C3B73E /* Frameworks */,
				CFF7B20229CC876400C3B73E /* Resources */,
				430CDBAEF84F01F44B60348F /* [CP] Embed Pods Frameworks */,
			);
			buildRules = (
			);
			dependencies = (
			);
			name = shafinMultitool;
			productName = shafinMultitool;
			productReference = CFF7B20429CC876400C3B73E /* shafinMultitool.app */;
			productType = "com.apple.product-type.application";
		};
/* End PBXNativeTarget section */

/* Begin PBXProject section */
		CFF7B1FC29CC876400C3B73E /* Project object */ = {
			isa = PBXProject;
			attributes = {
				BuildIndependentTargetsInParallel = 1;
				LastSwiftUpdateCheck = 1420;
				LastUpgradeCheck = 1420;
				TargetAttributes = {
					CFF7B20329CC876400C3B73E = {
						CreatedOnToolsVersion = 14.2;
					};
				};
			};
			buildConfigurationList = CFF7B1FF29CC876400C3B73E /* Build configuration list for PBXProject "shafinMultitool" */;
			compatibilityVersion = "Xcode 13.0";
			developmentRegion = en;
			hasScannedForEncodings = 0;
			knownRegions = (
				en,
				Base,
			);
			mainGroup = CFF7B1FB29CC876400C3B73E;
			packageReferences = (
			);
			productRefGroup = CFF7B20529CC876400C3B73E /* Products */;
			projectDirPath = "";
			projectRoot = "";
			targets = (
				CFF7B20329CC876400C3B73E /* shafinMultitool */,
			);
		};
/* End PBXProject section */

/* Begin PBXResourcesBuildPhase section */
		CFF7B20229CC876400C3B73E /* Resources */ = {
			isa = PBXResourcesBuildPhase;
			buildActionMask = 2147483647;
			files = (
				CF506F822A011445005E959C /* Person.usdz in Resources */,
				CFF7B21129CC876500C3B73E /* Assets.xcassets in Resources */,
				CF8AD3752A12A9B20004B378 /* Circle.usdz in Resources */,
			);
			runOnlyForDeploymentPostprocessing = 0;
		};
/* End PBXResourcesBuildPhase section */

/* Begin PBXShellScriptBuildPhase section */
		430CDBAEF84F01F44B60348F /* [CP] Embed Pods Frameworks */ = {
			isa = PBXShellScriptBuildPhase;
			buildActionMask = 2147483647;
			files = (
			);
			inputFileListPaths = (
				"${PODS_ROOT}/Target Support Files/Pods-shafinMultitool/Pods-shafinMultitool-frameworks-${CONFIGURATION}-input-files.xcfilelist",
			);
			name = "[CP] Embed Pods Frameworks";
			outputFileListPaths = (
				"${PODS_ROOT}/Target Support Files/Pods-shafinMultitool/Pods-shafinMultitool-frameworks-${CONFIGURATION}-output-files.xcfilelist",
			);
			runOnlyForDeploymentPostprocessing = 0;
			shellPath = /bin/sh;
			shellScript = "\"${PODS_ROOT}/Target Support Files/Pods-shafinMultitool/Pods-shafinMultitool-frameworks.sh\"\n";
			showEnvVarsInLog = 0;
		};
		5458564239F347497FD524BF /* [CP] Check Pods Manifest.lock */ = {
			isa = PBXShellScriptBuildPhase;
			buildActionMask = 2147483647;
			files = (
			);
			inputFileListPaths = (
			);
			inputPaths = (
				"${PODS_PODFILE_DIR_PATH}/Podfile.lock",
				"${PODS_ROOT}/Manifest.lock",
			);
			name = "[CP] Check Pods Manifest.lock";
			outputFileListPaths = (
			);
			outputPaths = (
				"$(DERIVED_FILE_DIR)/Pods-shafinMultitool-checkManifestLockResult.txt",
			);
			runOnlyForDeploymentPostprocessing = 0;
			shellPath = /bin/sh;
			shellScript = "diff \"${PODS_PODFILE_DIR_PATH}/Podfile.lock\" \"${PODS_ROOT}/Manifest.lock\" > /dev/null\nif [ $? != 0 ] ; then\n    # print error to STDERR\n    echo \"error: The sandbox is not in sync with the Podfile.lock. Run 'pod install' or update your CocoaPods installation.\" >&2\n    exit 1\nfi\n# This output is used by Xcode 'outputs' to avoid re-running this script phase.\necho \"SUCCESS\" > \"${SCRIPT_OUTPUT_FILE_0}\"\n";
			showEnvVarsInLog = 0;
		};
/* End PBXShellScriptBuildPhase section */

/* Begin PBXSourcesBuildPhase section */
		CFF7B20029CC876400C3B73E /* Sources */ = {
			isa = PBXSourcesBuildPhase;
			buildActionMask = 2147483647;
			files = (
				CF506F882A03F8B3005E959C /* CameraService.swift in Sources */,
				CFF7B22929CC8CA400C3B73E /* CameraScreenBuilder.swift in Sources */,
				CFF7B22729CC8C7B00C3B73E /* CameraScreenRouter.swift in Sources */,
				CF10E5ED29F8211600D3E39A /* SceneDelegate.swift in Sources */,
				CFF027952A0AA6710042951B /* ActorEntity.swift in Sources */,
				CF506F802A010F29005E959C /* Circle.rcproject in Sources */,
				CFF7B20829CC876400C3B73E /* AppDelegate.swift in Sources */,
				CFF7B22129CC87C200C3B73E /* CameraScreenViewController.swift in Sources */,
				CFF7B22329CC8C6000C3B73E /* CameraScreenPresenter.swift in Sources */,
				CFF7B22529CC8C7200C3B73E /* CameraScreenInteractor.swift in Sources */,
			);
			runOnlyForDeploymentPostprocessing = 0;
		};
/* End PBXSourcesBuildPhase section */

/* Begin XCBuildConfiguration section */
		CFF7B21529CC876500C3B73E /* Debug */ = {
			isa = XCBuildConfiguration;
			buildSettings = {
				ALWAYS_SEARCH_USER_PATHS = NO;
				CLANG_ANALYZER_NONNULL = YES;
				CLANG_ANALYZER_NUMBER_OBJECT_CONVERSION = YES_AGGRESSIVE;
				CLANG_CXX_LANGUAGE_STANDARD = "gnu++20";
				CLANG_ENABLE_MODULES = YES;
				CLANG_ENABLE_OBJC_ARC = YES;
				CLANG_ENABLE_OBJC_WEAK = YES;
				CLANG_WARN_BLOCK_CAPTURE_AUTORELEASING = YES;
				CLANG_WARN_BOOL_CONVERSION = YES;
				CLANG_WARN_COMMA = YES;
				CLANG_WARN_CONSTANT_CONVERSION = YES;
				CLANG_WARN_DEPRECATED_OBJC_IMPLEMENTATIONS = YES;
				CLANG_WARN_DIRECT_OBJC_ISA_USAGE = YES_ERROR;
				CLANG_WARN_DOCUMENTATION_COMMENTS = YES;
				CLANG_WARN_EMPTY_BODY = YES;
				CLANG_WARN_ENUM_CONVERSION = YES;
				CLANG_WARN_INFINITE_RECURSION = YES;
				CLANG_WARN_INT_CONVERSION = YES;
				CLANG_WARN_NON_LITERAL_NULL_CONVERSION = YES;
				CLANG_WARN_OBJC_IMPLICIT_RETAIN_SELF = YES;
				CLANG_WARN_OBJC_LITERAL_CONVERSION = YES;
				CLANG_WARN_OBJC_ROOT_CLASS = YES_ERROR;
				CLANG_WARN_QUOTED_INCLUDE_IN_FRAMEWORK_HEADER = YES;
				CLANG_WARN_RANGE_LOOP_ANALYSIS = YES;
				CLANG_WARN_STRICT_PROTOTYPES = YES;
				CLANG_WARN_SUSPICIOUS_MOVE = YES;
				CLANG_WARN_UNGUARDED_AVAILABILITY = YES_AGGRESSIVE;
				CLANG_WARN_UNREACHABLE_CODE = YES;
				CLANG_WARN__DUPLICATE_METHOD_MATCH = YES;
				COPY_PHASE_STRIP = NO;
				DEBUG_INFORMATION_FORMAT = dwarf;
				ENABLE_STRICT_OBJC_MSGSEND = YES;
				ENABLE_TESTABILITY = YES;
				GCC_C_LANGUAGE_STANDARD = gnu11;
				GCC_DYNAMIC_NO_PIC = NO;
				GCC_NO_COMMON_BLOCKS = YES;
				GCC_OPTIMIZATION_LEVEL = 0;
				GCC_PREPROCESSOR_DEFINITIONS = (
					"DEBUG=1",
					"$(inherited)",
				);
				GCC_WARN_64_TO_32_BIT_CONVERSION = YES;
				GCC_WARN_ABOUT_RETURN_TYPE = YES_ERROR;
				GCC_WARN_UNDECLARED_SELECTOR = YES;
				GCC_WARN_UNINITIALIZED_AUTOS = YES_AGGRESSIVE;
				GCC_WARN_UNUSED_FUNCTION = YES;
				GCC_WARN_UNUSED_VARIABLE = YES;
				IPHONEOS_DEPLOYMENT_TARGET = 16.2;
				MTL_ENABLE_DEBUG_INFO = INCLUDE_SOURCE;
				MTL_FAST_MATH = YES;
				ONLY_ACTIVE_ARCH = YES;
				SDKROOT = iphoneos;
				SWIFT_ACTIVE_COMPILATION_CONDITIONS = DEBUG;
				SWIFT_OPTIMIZATION_LEVEL = "-Onone";
			};
			name = Debug;
		};
		CFF7B21629CC876500C3B73E /* Release */ = {
			isa = XCBuildConfiguration;
			buildSettings = {
				ALWAYS_SEARCH_USER_PATHS = NO;
				CLANG_ANALYZER_NONNULL = YES;
				CLANG_ANALYZER_NUMBER_OBJECT_CONVERSION = YES_AGGRESSIVE;
				CLANG_CXX_LANGUAGE_STANDARD = "gnu++20";
				CLANG_ENABLE_MODULES = YES;
				CLANG_ENABLE_OBJC_ARC = YES;
				CLANG_ENABLE_OBJC_WEAK = YES;
				CLANG_WARN_BLOCK_CAPTURE_AUTORELEASING = YES;
				CLANG_WARN_BOOL_CONVERSION = YES;
				CLANG_WARN_COMMA = YES;
				CLANG_WARN_CONSTANT_CONVERSION = YES;
				CLANG_WARN_DEPRECATED_OBJC_IMPLEMENTATIONS = YES;
				CLANG_WARN_DIRECT_OBJC_ISA_USAGE = YES_ERROR;
				CLANG_WARN_DOCUMENTATION_COMMENTS = YES;
				CLANG_WARN_EMPTY_BODY = YES;
				CLANG_WARN_ENUM_CONVERSION = YES;
				CLANG_WARN_INFINITE_RECURSION = YES;
				CLANG_WARN_INT_CONVERSION = YES;
				CLANG_WARN_NON_LITERAL_NULL_CONVERSION = YES;
				CLANG_WARN_OBJC_IMPLICIT_RETAIN_SELF = YES;
				CLANG_WARN_OBJC_LITERAL_CONVERSION = YES;
				CLANG_WARN_OBJC_ROOT_CLASS = YES_ERROR;
				CLANG_WARN_QUOTED_INCLUDE_IN_FRAMEWORK_HEADER = YES;
				CLANG_WARN_RANGE_LOOP_ANALYSIS = YES;
				CLANG_WARN_STRICT_PROTOTYPES = YES;
				CLANG_WARN_SUSPICIOUS_MOVE = YES;
				CLANG_WARN_UNGUARDED_AVAILABILITY = YES_AGGRESSIVE;
				CLANG_WARN_UNREACHABLE_CODE = YES;
				CLANG_WARN__DUPLICATE_METHOD_MATCH = YES;
				COPY_PHASE_STRIP = NO;
				DEBUG_INFORMATION_FORMAT = "dwarf-with-dsym";
				ENABLE_NS_ASSERTIONS = NO;
				ENABLE_STRICT_OBJC_MSGSEND = YES;
				GCC_C_LANGUAGE_STANDARD = gnu11;
				GCC_NO_COMMON_BLOCKS = YES;
				GCC_WARN_64_TO_32_BIT_CONVERSION = YES;
				GCC_WARN_ABOUT_RETURN_TYPE = YES_ERROR;
				GCC_WARN_UNDECLARED_SELECTOR = YES;
				GCC_WARN_UNINITIALIZED_AUTOS = YES_AGGRESSIVE;
				GCC_WARN_UNUSED_FUNCTION = YES;
				GCC_WARN_UNUSED_VARIABLE = YES;
				IPHONEOS_DEPLOYMENT_TARGET = 16.2;
				MTL_ENABLE_DEBUG_INFO = NO;
				MTL_FAST_MATH = YES;
				SDKROOT = iphoneos;
				SWIFT_COMPILATION_MODE = wholemodule;
				SWIFT_OPTIMIZATION_LEVEL = "-O";
				VALIDATE_PRODUCT = YES;
			};
			name = Release;
		};
		CFF7B21829CC876500C3B73E /* Debug */ = {
			isa = XCBuildConfiguration;
			baseConfigurationReference = DC0EF1BD3939CF7AE32E11A0 /* Pods-shafinMultitool.debug.xcconfig */;
			buildSettings = {
				ASSETCATALOG_COMPILER_APPICON_NAME = AppIcon;
				ASSETCATALOG_COMPILER_GLOBAL_ACCENT_COLOR_NAME = AccentColor;
				CODE_SIGN_STYLE = Automatic;
				CURRENT_PROJECT_VERSION = 1;
				DEVELOPMENT_TEAM = 5NAKQ28539;
				GENERATE_INFOPLIST_FILE = YES;
				INFOPLIST_FILE = shafinMultitool/Info.plist;
				INFOPLIST_KEY_NSCameraUsageDescription = "Для съёмки видео \"Шафин Мульитул\" необходимы права на использование камеры";
				INFOPLIST_KEY_NSMicrophoneUsageDescription = "Для съёмки видео \"Шафин Мульитул\" необходимы права на запись звука с микрофона";
				INFOPLIST_KEY_NSPhotoLibraryAddUsageDescription = "Для съёмки видео \"Шафин Мульитул\" необходимы права на сохранение файлов в галерею";
				INFOPLIST_KEY_UIApplicationSupportsIndirectInputEvents = YES;
				INFOPLIST_KEY_UILaunchStoryboardName = LaunchScreen;
				INFOPLIST_KEY_UIRequiredDeviceCapabilities = arkit;
				INFOPLIST_KEY_UIRequiresFullScreen = YES;
				INFOPLIST_KEY_UIStatusBarHidden = YES;
				INFOPLIST_KEY_UISupportedInterfaceOrientations = "UIInterfaceOrientationLandscapeLeft UIInterfaceOrientationLandscapeRight";
				LD_RUNPATH_SEARCH_PATHS = (
					"$(inherited)",
					"@executable_path/Frameworks",
				);
				MARKETING_VERSION = 1.0;
				PRODUCT_BUNDLE_IDENTIFIER = "com.vigvamcev-media.shafinMultitool";
				PRODUCT_NAME = "$(TARGET_NAME)";
				SWIFT_EMIT_LOC_STRINGS = YES;
				SWIFT_VERSION = 5.0;
				TARGETED_DEVICE_FAMILY = "1,2";
			};
			name = Debug;
		};
		CFF7B21929CC876500C3B73E /* Release */ = {
			isa = XCBuildConfiguration;
			baseConfigurationReference = 08C5AE5ADFDF9B02E49CF3EE /* Pods-shafinMultitool.release.xcconfig */;
			buildSettings = {
				ASSETCATALOG_COMPILER_APPICON_NAME = AppIcon;
				ASSETCATALOG_COMPILER_GLOBAL_ACCENT_COLOR_NAME = AccentColor;
				CODE_SIGN_STYLE = Automatic;
				CURRENT_PROJECT_VERSION = 1;
				DEVELOPMENT_TEAM = 5NAKQ28539;
				GENERATE_INFOPLIST_FILE = YES;
				INFOPLIST_FILE = shafinMultitool/Info.plist;
				INFOPLIST_KEY_NSCameraUsageDescription = "Для съёмки видео \"Шафин Мульитул\" необходимы права на использование камеры";
				INFOPLIST_KEY_NSMicrophoneUsageDescription = "Для съёмки видео \"Шафин Мульитул\" необходимы права на запись звука с микрофона";
				INFOPLIST_KEY_NSPhotoLibraryAddUsageDescription = "Для съёмки видео \"Шафин Мульитул\" необходимы права на сохранение файлов в галерею";
				INFOPLIST_KEY_UIApplicationSupportsIndirectInputEvents = YES;
				INFOPLIST_KEY_UILaunchStoryboardName = LaunchScreen;
				INFOPLIST_KEY_UIRequiredDeviceCapabilities = arkit;
				INFOPLIST_KEY_UIRequiresFullScreen = YES;
				INFOPLIST_KEY_UIStatusBarHidden = YES;
				INFOPLIST_KEY_UISupportedInterfaceOrientations = "UIInterfaceOrientationLandscapeLeft UIInterfaceOrientationLandscapeRight";
				LD_RUNPATH_SEARCH_PATHS = (
					"$(inherited)",
					"@executable_path/Frameworks",
				);
				MARKETING_VERSION = 1.0;
				PRODUCT_BUNDLE_IDENTIFIER = "com.vigvamcev-media.shafinMultitool";
				PRODUCT_NAME = "$(TARGET_NAME)";
				SWIFT_EMIT_LOC_STRINGS = YES;
				SWIFT_VERSION = 5.0;
				TARGETED_DEVICE_FAMILY = "1,2";
			};
			name = Release;
		};
/* End XCBuildConfiguration section */

/* Begin XCConfigurationList section */
		CFF7B1FF29CC876400C3B73E /* Build configuration list for PBXProject "shafinMultitool" */ = {
			isa = XCConfigurationList;
			buildConfigurations = (
				CFF7B21529CC876500C3B73E /* Debug */,
				CFF7B21629CC876500C3B73E /* Release */,
			);
			defaultConfigurationIsVisible = 0;
			defaultConfigurationName = Release;
		};
		CFF7B21729CC876500C3B73E /* Build configuration list for PBXNativeTarget "shafinMultitool" */ = {
			isa = XCConfigurationList;
			buildConfigurations = (
				CFF7B21829CC876500C3B73E /* Debug */,
				CFF7B21929CC876500C3B73E /* Release */,
			);
			defaultConfigurationIsVisible = 0;
			defaultConfigurationName = Release;
		};
/* End XCConfigurationList section */
	};
	rootObject = CFF7B1FC29CC876400C3B73E /* Project object */;
}
